{
    "_meta": {
        "hash": {
            "sha256": "ab082b1f6fbb346aced5184dab4e493cf5a5a92a9ff43ffa9fe823bc88717019"
        },
        "pipfile-spec": 6,
        "requires": {
            "python_version": "3.7"
        },
        "sources": [
            {
                "name": "pypi",
                "url": "https://pypi.org/simple",
                "verify_ssl": true
            }
        ]
    },
    "default": {
        "cerberus": {
            "hashes": [
                "sha256:f5c2e048fb15ecb3c088d192164316093fcfa602a74b3386eefb2983aa7e800a"
            ],
            "index": "pypi",
            "version": "==1.2"
        },
        "certifi": {
            "hashes": [
                "sha256:2bbf76fd432960138b3ef6dda3dde0544f27cbf8546c458e60baf371917ba9ee",
                "sha256:50b1e4f8446b06f41be7dd6338db18e0990601dce795c2b1686458aa7e8fa7d8"
            ],
            "version": "==2021.5.30"
        },
        "chardet": {
            "hashes": [
                "sha256:0d6f53a15db4120f2b08c94f11e7d93d2c911ee118b6b30a04ec3ee8310179fa",
                "sha256:f864054d66fd9118f2e67044ac8981a54775ec5b67aed0441892edb553d21da5"
            ],
            "version": "==4.0.0"
        },
        "click": {
            "hashes": [
                "sha256:2335065e6395b9e67ca716de5f7526736bfa6ceead690adf616d925bdc622b13",
                "sha256:5b94b49521f6456670fdb30cd82a4eca9412788a93fa6dd6df72c94d5a8ff2d7"
            ],
            "index": "pypi",
            "version": "==7.0"
        },
        "docker": {
            "hashes": [
                "sha256:2840ffb9dc3ef6d00876bde476690278ab13fa1f8ba9127ef855ac33d00c3152",
                "sha256:5831256da3477723362bc71a8df07b8cd8493e4a4a60cebd45580483edbe48ae"
            ],
            "index": "pypi",
            "version": "==3.7.0"
        },
        "docker-pycreds": {
            "hashes": [
                "sha256:6ce3270bcaf404cc4c3e27e4b6c70d3521deae82fb508767870fdbf772d584d4",
                "sha256:7266112468627868005106ec19cd0d722702d2b7d5912a28e19b826c3d37af49"
            ],
            "version": "==0.4.0"
        },
        "dominate": {
            "hashes": [
                "sha256:4076735c0745fe771e57b2313dbb4bfeec42731816ee23cee509f66e8912aa51",
                "sha256:4b9fd42d2824b79761799590697db45bf93daad511b130c50513af38da33df9b"
            ],
            "index": "pypi",
            "version": "==2.3.5"
        },
        "idna": {
            "hashes": [
                "sha256:b307872f855b18632ce0c21c5e45be78c0ea7ae4c15c828c20788b26921eb3f6",
                "sha256:b97d804b1e9b523befed77c48dacec60e6dcb0b5391d57af6a65a312a90648c0"
            ],
            "version": "==2.10"
        },
        "pyyaml": {
            "hashes": [
                "sha256:3d7da3009c0f3e783b2c873687652d83b1bbfd5c88e9813fb7e5b03c0dd3108b",
                "sha256:3ef3092145e9b70e3ddd2c7ad59bdd0252a94dfe3949721633e41344de00a6bf",
                "sha256:40c71b8e076d0550b2e6380bada1f1cd1017b882f7e16f09a65be98e017f211a",
                "sha256:558dd60b890ba8fd982e05941927a3911dc409a63dcb8b634feaa0cda69330d3",
                "sha256:a7c28b45d9f99102fa092bb213aa12e0aaf9a6a1f5e395d36166639c1f96c3a1",
                "sha256:aa7dd4a6a427aed7df6fb7f08a580d68d9b118d90310374716ae90b710280af1",
                "sha256:bc558586e6045763782014934bfaf39d48b8ae85a2713117d16c39864085c613",
                "sha256:d46d7982b62e0729ad0175a9bc7e10a566fc07b224d2c79fafb5e032727eaa04",
                "sha256:d5eef459e30b09f5a098b9cea68bebfeb268697f78d647bd255a085371ac7f3f",
                "sha256:e01d3203230e1786cd91ccfdc8f8454c8069c91bee3962ad93b87a4b2860f537",
                "sha256:e170a9e6fcfd19021dd29845af83bb79236068bf5fd4df3327c1be18182b2531"
            ],
            "index": "pypi",
            "version": "==3.13"
        },
        "requests": {
            "hashes": [
                "sha256:27973dd4a904a4f13b263a19c866c13b92a39ed1c964655f025f3f8d3d75b804",
                "sha256:c210084e36a42ae6b9219e00e48287def368a26d03a048ddad7bfee44f75871e"
            ],
            "version": "==2.25.1"
        },
        "ruamel-yaml": {
            "hashes": [
                "sha256:3858f420b03030f99da44414ff8275a95eb7a6b5613764dd520398fb63951822",
                "sha256:47982ea36529d971c453105ead01788161326bb5349d2aea900da6c0e5f628b5",
                "sha256:527b7978560bc79b5f71b08d8db1ab16d367a08bdf1c2790b1ffb2fac94e46ae",
                "sha256:65c96f9e0a8117be90cd8e23fc4e1d2c94fa410f4364bf70a97aa3cc4e4f4769",
                "sha256:7a1ab9228c48f4741b5d07961e99e898e88afc040343b31b75e1dc1b3f8cee7c",
                "sha256:87c60bd6b282f41a0403df5d59ec1fb1876311e84f5609ada47f17f64406e4d0",
                "sha256:91f93c1938867551e554ea295ef91f84720a68b711d37b9f7d442fd3903082da",
                "sha256:9523308cd0b071f0f8b631ec4f310eb58b3e2b4adbd14a2661783e2c5e8e1fdc",
                "sha256:97cfa9bca4980aa9a77788fe9fbed178bcf5556dd2e917f52fda70ce7bb38a95",
                "sha256:a21e26cf0143d22d9743d23b5531f66385aaf3fb54641782b20c6139239a8a93",
                "sha256:a5167a1b098c86d1b1c9f0d73b7c65e70876d54a11fb1ada4586ba557d2fe165",
                "sha256:a889dc3d6cffb64ca89fac053455b7a778f922b65843263023e998c0fcce001e",
                "sha256:a925760fa1eb8dece3e07ee32485da8d5253cfcd78df25938371a5f5acdaa8a4",
                "sha256:a92fd8e32d824392c0cec96a77e374bb77ceda4b99b1d18c776631e18fc54ffe",
                "sha256:b20e3130b4b5b210365d6760b7d3c87cc9c40e456fa14049f9257bc62cf0d2c9",
                "sha256:cb21f6bad6eade16868efc86fe1bb3e7a3d61137af2bf064dd1e7ed0d629ca9c",
                "sha256:ccb1a0860a602d83898dd71280db142a3502702be3976ffc35eef9eb19585169",
                "sha256:d70eec8bd287798e7905d57d503b1091c8424ba736e287b75f39f1b5a0235d71",
                "sha256:d8a39781c49a892dd0f936d472d850a9aa163205475ad6c90a0f4d0c4d90ee30",
                "sha256:e67ea0cf80682e539707fcd8811b7369d8b97b1b48b1d7b16e21cd7f6c2c2e40",
                "sha256:feec97614776442b4dd5029eb16e15f5e582ffc5cf534cba5eefd07062e11eec"
            ],
            "index": "pypi",
            "version": "==0.15.86"
        },
        "six": {
            "hashes": [
                "sha256:1e61c37477a1626458e36f7b1d82aa5c9b094fa4802892072e49de9c60c4c926",
                "sha256:8abb2f1d86890a2dfb989f9a77cfcfd3e47c2a354b01111771326f8aa26e0254"
            ],
            "version": "==1.16.0"
        },
        "urllib3": {
            "hashes": [
                "sha256:753a0374df26658f99d826cfe40394a686d05985786d946fbe4165b5148f5a7c",
                "sha256:a7acd0977125325f516bda9735fa7142b909a8d01e8b2e4c8108d0984e6e0098"
            ],
            "index": "pypi",
            "version": "==1.26.5"
        },
        "websocket-client": {
            "hashes": [
                "sha256:3e2bf58191d4619b161389a95bdce84ce9e0b24eb8107e7e590db682c2d0ca81",
                "sha256:abf306dc6351dcef07f4d40453037e51cc5d9da2ef60d0fc5d0fe3bcda255372"
            ],
            "version": "==1.0.1"
        }
    },
    "develop": {}
}
