{
    "_meta": {
        "hash": {
            "sha256": "d35dfda108999f5b81ad3abd5e97c1be0105335d0b6cffe79ade7885e33a2032"
        },
        "pipfile-spec": 6,
        "requires": {
            "python_version": "3.7"
        },
        "sources": [
            {
                "name": "pypi",
                "url": "https://pypi.org/simple",
                "verify_ssl": true
            }
        ]
    },
    "default": {
        "click": {
            "hashes": [
                "sha256:2335065e6395b9e67ca716de5f7526736bfa6ceead690adf616d925bdc622b13",
                "sha256:5b94b49521f6456670fdb30cd82a4eca9412788a93fa6dd6df72c94d5a8ff2d7"
            ],
            "index": "pypi",
            "version": "==7.0"
        },
        "pyyaml": {
            "hashes": [
                "sha256:3d7da3009c0f3e783b2c873687652d83b1bbfd5c88e9813fb7e5b03c0dd3108b",
                "sha256:3ef3092145e9b70e3ddd2c7ad59bdd0252a94dfe3949721633e41344de00a6bf",
                "sha256:40c71b8e076d0550b2e6380bada1f1cd1017b882f7e16f09a65be98e017f211a",
                "sha256:558dd60b890ba8fd982e05941927a3911dc409a63dcb8b634feaa0cda69330d3",
                "sha256:a7c28b45d9f99102fa092bb213aa12e0aaf9a6a1f5e395d36166639c1f96c3a1",
                "sha256:aa7dd4a6a427aed7df6fb7f08a580d68d9b118d90310374716ae90b710280af1",
                "sha256:bc558586e6045763782014934bfaf39d48b8ae85a2713117d16c39864085c613",
                "sha256:d46d7982b62e0729ad0175a9bc7e10a566fc07b224d2c79fafb5e032727eaa04",
                "sha256:d5eef459e30b09f5a098b9cea68bebfeb268697f78d647bd255a085371ac7f3f",
                "sha256:e01d3203230e1786cd91ccfdc8f8454c8069c91bee3962ad93b87a4b2860f537",
                "sha256:e170a9e6fcfd19021dd29845af83bb79236068bf5fd4df3327c1be18182b2531"
            ],
            "index": "pypi",
            "version": "==3.13"
        },
        "ruamel-yaml": {
            "hashes": [
                "sha256:05fe6ac4276b5b5dadb7b11da219e0e813997d36c5ce8bd842cbb89e0b2ad42f",
                "sha256:06e1d5ef661d5e571816f073f276b88a2f067c9e57814bdb5e3f7044e879f170",
                "sha256:0cd1f0da11c31160b9d568d5643a02ffadb80aa4c1f4eb1ba8ef086d3d2adeda",
                "sha256:2bd597398f6b1cc5198ee7c42c21b3fb0f3ba388ce4ee68047099862d094e230",
                "sha256:427fa38695ce5b2da33d156cf035cfe4ad0cf2d50c7b41b7fbf73ed11f09b0ff",
                "sha256:43215816aef718ea0c07dfae175dcf43610051c4dfd8f760a477f0e991100d20",
                "sha256:45c334d9089ab0d94298b60b54ad840ce17b13940acb802cce8416adf736f40a",
                "sha256:802f1d68b428893222bc05f1496315ce317b6aa32751b4f10cac373002f8e284",
                "sha256:85fd8938e3c1c97a5382b7c5724696cbac6c5ffe4dc831050c92a91ce9d2f69b",
                "sha256:869823f05fc33a82947671aa0c78deb52088b1cbfb257c682a73636b9c3a1548",
                "sha256:92953f93939f16bcdf4fb726b0fe1a430a77aeb4f46a3833ac75ed5e3047fcba",
                "sha256:97687442059da8d31adf8b51f9d07997b550e6ba55a6890f736533c07f6398ed",
                "sha256:98f2cfc22d6e3ca4a1dc05a5fb93ade09ce3b1f21690d01ab3695eabc8b15c04",
                "sha256:9d9efa0406d1cfb5c1daa38ff19f98af93aeffb31853ce8fe5a904c261755df2",
                "sha256:ac760598a477dba8279a011993d197d43414964ca11bdce538c72e998b814b83",
                "sha256:c13647d14ed0fcb26567bae1d7feb029464fa1e3f9bc0290f1e29c5ea8d0c9c6",
                "sha256:d28216a8619cff616f5c98452291d57761650a41a454651be4e547fd63efe361",
                "sha256:d69a31c5d1e8c85135a032642da41037abe8fce15f5999a411a9ebedbfe5ef3c",
                "sha256:dab722c99a724a40a7e6dc9e36bde91d8298d8158d68b653718ad19aa5579314",
                "sha256:dac8b7dc880e4ede50299e77f4cc4e3ee682db5162e7a46d817f9f948cf718ba",
                "sha256:f065548d0834bc6a994e3e6de58cc82d8bdbd73e47b8a9f0e340780de48f6f13"
            ],
            "index": "pypi",
            "version": "==0.15.77"
        }
    },
    "develop": {}
}
